
Microsoft Visual Studio Solution File, Format Version 12.00
# Visual Studio Version 17
VisualStudioVersion = 17.10.35122.118
MinimumVisualStudioVersion = 10.0.40219.1
Project("{9A19103F-16F7-4668-BE54-9A1E7A4F7556}") = "Alarm501-MC", "Alarm501-MC\Alarm501-MC.csproj", "{CD155B16-9E27-4E9A-B726-DC6CCC8E4746}"
EndProject
Project("{9A19103F-16F7-4668-BE54-9A1E7A4F7556}") = "Alarm501-GUI", "Alarm501-GUI\Alarm501-GUI.csproj", "{BD90A1A1-92BD-48F0-A6D6-FA7463E9D8C1}"
EndProject
Project("{9A19103F-16F7-4668-BE54-9A1E7A4F7556}") = "Alarm501-Console", "Alarm501-Console\Alarm501-Console.csproj", "{7C08AD5C-2167-4119-A6A4-C3179EFA9BCA}"
EndProject
Global
	GlobalSection(SolutionConfigurationPlatforms) = preSolution
		Debug|Any CPU = Debug|Any CPU
		Release|Any CPU = Release|Any CPU
	EndGlobalSection
	GlobalSection(ProjectConfigurationPlatforms) = postSolution
		{CD155B16-9E27-4E9A-B726-DC6CCC8E4746}.Debug|Any CPU.ActiveCfg = Debug|Any CPU
		{CD155B16-9E27-4E9A-B726-DC6CCC8E4746}.Debug|Any CPU.Build.0 = Debug|Any CPU
		{CD155B16-9E27-4E9A-B726-DC6CCC8E4746}.Release|Any CPU.ActiveCfg = Release|Any CPU
		{CD155B16-9E27-4E9A-B726-DC6CCC8E4746}.Release|Any CPU.Build.0 = Release|Any CPU
		{BD90A1A1-92BD-48F0-A6D6-FA7463E9D8C1}.Debug|Any CPU.ActiveCfg = Debug|Any CPU
		{BD90A1A1-92BD-48F0-A6D6-FA7463E9D8C1}.Debug|Any CPU.Build.0 = Debug|Any CPU
		{BD90A1A1-92BD-48F0-A6D6-FA7463E9D8C1}.Release|Any CPU.ActiveCfg = Release|Any CPU
		{BD90A1A1-92BD-48F0-A6D6-FA7463E9D8C1}.Release|Any CPU.Build.0 = Release|Any CPU
		{7C08AD5C-2167-4119-A6A4-C3179EFA9BCA}.Debug|Any CPU.ActiveCfg = Debug|Any CPU
		{7C08AD5C-2167-4119-A6A4-C3179EFA9BCA}.Debug|Any CPU.Build.0 = Debug|Any CPU
		{7C08AD5C-2167-4119-A6A4-C3179EFA9BCA}.Release|Any CPU.ActiveCfg = Release|Any CPU
		{7C08AD5C-2167-4119-A6A4-C3179EFA9BCA}.Release|Any CPU.Build.0 = Release|Any CPU
	EndGlobalSection
	GlobalSection(SolutionProperties) = preSolution
		HideSolutionNode = FALSE
	EndGlobalSection
	GlobalSection(ExtensibilityGlobals) = postSolution
		SolutionGuid = {FB915086-5600-49CE-83EE-7DEA10BB03EC}
	EndGlobalSection
EndGlobal
